
Microsoft Visual Studio Solution File, Format Version 12.00
# Visual Studio Version 16
VisualStudioVersion = 16.0.29509.3
MinimumVisualStudioVersion = 10.0.40219.1
Project("{FAE04EC0-301F-11D3-BF4B-00C04F79EFBC}") = "Online_Tutor_Booking_Final", "Online_Tutor_Booking_Final.csproj", "{5692A2A9-D8B2-4FB8-BFB9-FE022DCA0DDD}"
EndProject
Global
	GlobalSection(SolutionConfigurationPlatforms) = preSolution
		Debug|Any CPU = Debug|Any CPU
		Release|Any CPU = Release|Any CPU
	EndGlobalSection
	GlobalSection(ProjectConfigurationPlatforms) = postSolution
		{5692A2A9-D8B2-4FB8-BFB9-FE022DCA0DDD}.Debug|Any CPU.ActiveCfg = Debug|Any CPU
		{5692A2A9-D8B2-4FB8-BFB9-FE022DCA0DDD}.Debug|Any CPU.Build.0 = Debug|Any CPU
		{5692A2A9-D8B2-4FB8-BFB9-FE022DCA0DDD}.Release|Any CPU.ActiveCfg = Release|Any CPU
		{5692A2A9-D8B2-4FB8-BFB9-FE022DCA0DDD}.Release|Any CPU.Build.0 = Release|Any CPU
	EndGlobalSection
	GlobalSection(SolutionProperties) = preSolution
		HideSolutionNode = FALSE
	EndGlobalSection
	GlobalSection(ExtensibilityGlobals) = postSolution
		SolutionGuid = {6EE22124-D90B-4E10-A777-1442075A8850}
	EndGlobalSection
EndGlobal
